<?xml version="1.0" encoding="utf-8"?>
<Project ToolsVersion="4.0" xmlns="http://schemas.microsoft.com/developer/msbuild/2003">
  <ItemGroup>
    <Filter Include="Исходные файлы">
      <UniqueIdentifier>{4FC737F1-C7A5-4376-A066-2A32D752A2FF}</UniqueIdentifier>
      <Extensions>cpp;c;cc;cxx;c++;cppm;ixx;def;odl;idl;hpj;bat;asm;asmx</Extensions>
    </Filter>
    <Filter Include="Файлы заголовков">
      <UniqueIdentifier>{93995380-89BD-4b04-88EB-625FBE52EBFB}</UniqueIdentifier>
      <Extensions>h;hh;hpp;hxx;h++;hm;inl;inc;ipp;xsd</Extensions>
    </Filter>
    <Filter Include="Файлы ресурсов">
      <UniqueIdentifier>{67DA6AB6-F800-4c08-8B7A-83BB121AAD01}</UniqueIdentifier>
      <Extensions>rc;ico;cur;bmp;dlg;rc2;rct;bin;rgs;gif;jpg;jpeg;jpe;resx;tiff;tif;png;wav;mfcribbon-ms</Extensions>
    </Filter>
    <Filter Include="Исходные файлы\Directives">
      <UniqueIdentifier>{653fd913-c024-45e4-ad0b-5fbc1a293d85}</UniqueIdentifier>
    </Filter>
    <Filter Include="Файлы заголовков\Directives">
      <UniqueIdentifier>{488a3381-2f60-4a7f-bb04-eec279664cf8}</UniqueIdentifier>
    </Filter>
    <Filter Include="Файлы заголовков\Exceptions">
      <UniqueIdentifier>{81df822b-29fd-41de-b82a-85f37b98f010}</UniqueIdentifier>
    </Filter>
  </ItemGroup>
  <ItemGroup>
    <ClCompile Include="main.cpp">
      <Filter>Исходные файлы</Filter>
    </ClCompile>
    <ClCompile Include="lexical_analyzer.cpp">
      <Filter>Исходные файлы</Filter>
    </ClCompile>
    <ClCompile Include="string_functions.cpp">
      <Filter>Исходные файлы</Filter>
    </ClCompile>
    <ClCompile Include="syntax_analyzer.cpp">
      <Filter>Исходные файлы</Filter>
    </ClCompile>
    <ClCompile Include="var_table.cpp">
      <Filter>Исходные файлы</Filter>
    </ClCompile>
    <ClCompile Include="listing_generator.cpp">
      <Filter>Исходные файлы</Filter>
    </ClCompile>
    <ClCompile Include="listing_generate_helper.cpp">
      <Filter>Исходные файлы</Filter>
    </ClCompile>
    <ClCompile Include="directive.cpp">
      <Filter>Исходные файлы\Directives</Filter>
    </ClCompile>
    <ClCompile Include="pop.cpp">
      <Filter>Исходные файлы\Directives</Filter>
    </ClCompile>
    <ClCompile Include="mov.cpp">
      <Filter>Исходные файлы\Directives</Filter>
    </ClCompile>
  </ItemGroup>
  <ItemGroup>
    <ClInclude Include="lexical_analyzer.h">
      <Filter>Файлы заголовков</Filter>
    </ClInclude>
    <ClInclude Include="string_functions.h">
      <Filter>Файлы заголовков</Filter>
    </ClInclude>
    <ClInclude Include="syntax_analyzer.h">
      <Filter>Файлы заголовков</Filter>
    </ClInclude>
    <ClInclude Include="aliases.h">
      <Filter>Файлы заголовков</Filter>
    </ClInclude>
    <ClInclude Include="var.h">
      <Filter>Файлы заголовков</Filter>
    </ClInclude>
    <ClInclude Include="var_table.h">
      <Filter>Файлы заголовков</Filter>
    </ClInclude>
    <ClInclude Include="listing_generator.h">
      <Filter>Файлы заголовков</Filter>
    </ClInclude>
    <ClInclude Include="listing_generate_helper.h">
      <Filter>Файлы заголовков</Filter>
    </ClInclude>
    <ClInclude Include="directive.h">
      <Filter>Файлы заголовков\Directives</Filter>
    </ClInclude>
    <ClInclude Include="ISyntaxChecker.h">
      <Filter>Файлы заголовков\Directives</Filter>
    </ClInclude>
    <ClInclude Include="IListingGenerator.h">
      <Filter>Файлы заголовков\Directives</Filter>
    </ClInclude>
    <ClInclude Include="pop.h">
      <Filter>Файлы заголовков\Directives</Filter>
    </ClInclude>
    <ClInclude Include="mov.h">
      <Filter>Файлы заголовков\Directives</Filter>
    </ClInclude>
    <ClInclude Include="IDs.h">
      <Filter>Файлы заголовков\Directives</Filter>
    </ClInclude>
    <ClInclude Include="exception_with_line_number.h">
      <Filter>Файлы заголовков\Exceptions</Filter>
    </ClInclude>
    <ClInclude Include="comma_expected_exception.h">
      <Filter>Файлы заголовков\Exceptions</Filter>
    </ClInclude>
    <ClInclude Include="few_arguments_exception.h">
      <Filter>Файлы заголовков\Exceptions</Filter>
    </ClInclude>
    <ClInclude Include="too_many_arguments_exception.h">
      <Filter>Файлы заголовков\Exceptions</Filter>
    </ClInclude>
    <ClInclude Include="wrong_argument_exception.h">
      <Filter>Файлы заголовков\Exceptions</Filter>
    </ClInclude>
  </ItemGroup>
</Project>